
Microsoft Visual Studio Solution File, Format Version 12.00
# Visual Studio Version 16
VisualStudioVersion = 16.0.32126.315
MinimumVisualStudioVersion = 10.0.40219.1
Project("{FAE04EC0-301F-11D3-BF4B-00C04F79EFBC}") = "PersonnelTracking", "PersonnelTracking\PersonnelTracking.csproj", "{8A346B76-AB0E-480A-AA49-6EF4E61EA982}"
EndProject
Project("{FAE04EC0-301F-11D3-BF4B-00C04F79EFBC}") = "BusinessLogicLayer", "BusinessLogicLayer\BusinessLogicLayer.csproj", "{E4599DD3-F106-4FD7-9E8F-BCD5FE04626B}"
EndProject
Project("{FAE04EC0-301F-11D3-BF4B-00C04F79EFBC}") = "DataAccessLayer", "DataAccessLayer\DataAccessLayer.csproj", "{6120F391-2AA9-49E6-BD47-E8F8E88F2D68}"
EndProject
Global
	GlobalSection(SolutionConfigurationPlatforms) = preSolution
		Debug|Any CPU = Debug|Any CPU
		Release|Any CPU = Release|Any CPU
	EndGlobalSection
	GlobalSection(ProjectConfigurationPlatforms) = postSolution
		{8A346B76-AB0E-480A-AA49-6EF4E61EA982}.Debug|Any CPU.ActiveCfg = Debug|Any CPU
		{8A346B76-AB0E-480A-AA49-6EF4E61EA982}.Debug|Any CPU.Build.0 = Debug|Any CPU
		{8A346B76-AB0E-480A-AA49-6EF4E61EA982}.Release|Any CPU.ActiveCfg = Release|Any CPU
		{8A346B76-AB0E-480A-AA49-6EF4E61EA982}.Release|Any CPU.Build.0 = Release|Any CPU
		{E4599DD3-F106-4FD7-9E8F-BCD5FE04626B}.Debug|Any CPU.ActiveCfg = Debug|Any CPU
		{E4599DD3-F106-4FD7-9E8F-BCD5FE04626B}.Debug|Any CPU.Build.0 = Debug|Any CPU
		{E4599DD3-F106-4FD7-9E8F-BCD5FE04626B}.Release|Any CPU.ActiveCfg = Release|Any CPU
		{E4599DD3-F106-4FD7-9E8F-BCD5FE04626B}.Release|Any CPU.Build.0 = Release|Any CPU
		{6120F391-2AA9-49E6-BD47-E8F8E88F2D68}.Debug|Any CPU.ActiveCfg = Debug|Any CPU
		{6120F391-2AA9-49E6-BD47-E8F8E88F2D68}.Debug|Any CPU.Build.0 = Debug|Any CPU
		{6120F391-2AA9-49E6-BD47-E8F8E88F2D68}.Release|Any CPU.ActiveCfg = Release|Any CPU
		{6120F391-2AA9-49E6-BD47-E8F8E88F2D68}.Release|Any CPU.Build.0 = Release|Any CPU
	EndGlobalSection
	GlobalSection(SolutionProperties) = preSolution
		HideSolutionNode = FALSE
	EndGlobalSection
	GlobalSection(ExtensibilityGlobals) = postSolution
		SolutionGuid = {7EA24A21-773F-4764-9433-479744806070}
	EndGlobalSection
EndGlobal
